
Microsoft Visual Studio Solution File, Format Version 12.00
# Visual Studio Version 17
VisualStudioVersion = 17.14.36221.1
MinimumVisualStudioVersion = 10.0.40219.1
Project("{FAE04EC0-301F-11D3-BF4B-00C04F79EFBC}") = "RealEstateCRM.WebAPI", "RealEstateCRM.WebAPI\RealEstateCRM.WebAPI.csproj", "{298B07DA-BBF1-422A-8E4A-CD4653E34AD6}"
EndProject
Project("{2150E333-8FDC-42A3-9474-1A3956D46DE8}") = "Infra", "Infra", "{02EA681E-C7D8-13C7-8484-4AC65E1B71E8}"
EndProject
Project("{2150E333-8FDC-42A3-9474-1A3956D46DE8}") = "Domain", "Domain", "{369CB01D-A1A7-72D2-AABC-3F0945D148A2}"
EndProject
Project("{2150E333-8FDC-42A3-9474-1A3956D46DE8}") = "Presentation", "Presentation", "{7DC331D0-3EC4-40A6-69FB-1CBEB2E0D1EA}"
EndProject
Project("{2150E333-8FDC-42A3-9474-1A3956D46DE8}") = "Application", "Application", "{643747C7-0307-8931-84D8-A7D1915E22E5}"
EndProject
Project("{2150E333-8FDC-42A3-9474-1A3956D46DE8}") = "Services", "Services", "{4CC1966A-3378-4EA3-A907-D22C530ED5B9}"
EndProject
Project("{FAE04EC0-301F-11D3-BF4B-00C04F79EFBC}") = "RealEstateCRM.Domain", "RealEstateCRM.Domain\RealEstateCRM.Domain.csproj", "{D4F4A2DB-A878-47B5-841D-21DCC8BEC0D7}"
EndProject
Project("{FAE04EC0-301F-11D3-BF4B-00C04F79EFBC}") = "RealEstateCRM.Data", "RealEstateCRM.Data\RealEstateCRM.Data.csproj", "{C89140B2-65E1-4779-86BF-7CF4F3D9F6DC}"
EndProject
Project("{2150E333-8FDC-42A3-9474-1A3956D46DE8}") = "IoC", "IoC", "{B3CE439D-FFB0-4605-85B9-3231CBF838C0}"
EndProject
Project("{FAE04EC0-301F-11D3-BF4B-00C04F79EFBC}") = "RealEstateCRM.IoC", "RealEstateCRM.IoC\RealEstateCRM.IoC.csproj", "{20E6ECFE-DE20-40CC-94FA-437E8B75699F}"
EndProject
Project("{FAE04EC0-301F-11D3-BF4B-00C04F79EFBC}") = "RealEstateCRM.Services", "RealEstateCRM.Services\RealEstateCRM.Services.csproj", "{E4129C5A-7678-430D-89C2-FF4992497A4F}"
EndProject
Global
	GlobalSection(SolutionConfigurationPlatforms) = preSolution
		Debug|Any CPU = Debug|Any CPU
		Release|Any CPU = Release|Any CPU
	EndGlobalSection
	GlobalSection(ProjectConfigurationPlatforms) = postSolution
		{298B07DA-BBF1-422A-8E4A-CD4653E34AD6}.Debug|Any CPU.ActiveCfg = Debug|Any CPU
		{298B07DA-BBF1-422A-8E4A-CD4653E34AD6}.Debug|Any CPU.Build.0 = Debug|Any CPU
		{298B07DA-BBF1-422A-8E4A-CD4653E34AD6}.Release|Any CPU.ActiveCfg = Release|Any CPU
		{298B07DA-BBF1-422A-8E4A-CD4653E34AD6}.Release|Any CPU.Build.0 = Release|Any CPU
		{D4F4A2DB-A878-47B5-841D-21DCC8BEC0D7}.Debug|Any CPU.ActiveCfg = Debug|Any CPU
		{D4F4A2DB-A878-47B5-841D-21DCC8BEC0D7}.Debug|Any CPU.Build.0 = Debug|Any CPU
		{D4F4A2DB-A878-47B5-841D-21DCC8BEC0D7}.Release|Any CPU.ActiveCfg = Release|Any CPU
		{D4F4A2DB-A878-47B5-841D-21DCC8BEC0D7}.Release|Any CPU.Build.0 = Release|Any CPU
		{C89140B2-65E1-4779-86BF-7CF4F3D9F6DC}.Debug|Any CPU.ActiveCfg = Debug|Any CPU
		{C89140B2-65E1-4779-86BF-7CF4F3D9F6DC}.Debug|Any CPU.Build.0 = Debug|Any CPU
		{C89140B2-65E1-4779-86BF-7CF4F3D9F6DC}.Release|Any CPU.ActiveCfg = Release|Any CPU
		{C89140B2-65E1-4779-86BF-7CF4F3D9F6DC}.Release|Any CPU.Build.0 = Release|Any CPU
		{20E6ECFE-DE20-40CC-94FA-437E8B75699F}.Debug|Any CPU.ActiveCfg = Debug|Any CPU
		{20E6ECFE-DE20-40CC-94FA-437E8B75699F}.Debug|Any CPU.Build.0 = Debug|Any CPU
		{20E6ECFE-DE20-40CC-94FA-437E8B75699F}.Release|Any CPU.ActiveCfg = Release|Any CPU
		{20E6ECFE-DE20-40CC-94FA-437E8B75699F}.Release|Any CPU.Build.0 = Release|Any CPU
		{E4129C5A-7678-430D-89C2-FF4992497A4F}.Debug|Any CPU.ActiveCfg = Debug|Any CPU
		{E4129C5A-7678-430D-89C2-FF4992497A4F}.Debug|Any CPU.Build.0 = Debug|Any CPU
		{E4129C5A-7678-430D-89C2-FF4992497A4F}.Release|Any CPU.ActiveCfg = Release|Any CPU
		{E4129C5A-7678-430D-89C2-FF4992497A4F}.Release|Any CPU.Build.0 = Release|Any CPU
	EndGlobalSection
	GlobalSection(SolutionProperties) = preSolution
		HideSolutionNode = FALSE
	EndGlobalSection
	GlobalSection(NestedProjects) = preSolution
		{298B07DA-BBF1-422A-8E4A-CD4653E34AD6} = {7DC331D0-3EC4-40A6-69FB-1CBEB2E0D1EA}
		{D4F4A2DB-A878-47B5-841D-21DCC8BEC0D7} = {369CB01D-A1A7-72D2-AABC-3F0945D148A2}
		{C89140B2-65E1-4779-86BF-7CF4F3D9F6DC} = {02EA681E-C7D8-13C7-8484-4AC65E1B71E8}
		{20E6ECFE-DE20-40CC-94FA-437E8B75699F} = {B3CE439D-FFB0-4605-85B9-3231CBF838C0}
		{E4129C5A-7678-430D-89C2-FF4992497A4F} = {4CC1966A-3378-4EA3-A907-D22C530ED5B9}
	EndGlobalSection
	GlobalSection(ExtensibilityGlobals) = postSolution
		SolutionGuid = {CB2B6641-A788-4F73-8668-920BF7D357BC}
	EndGlobalSection
EndGlobal
